
Microsoft Visual Studio Solution File, Format Version 12.00
# Visual Studio Version 16
VisualStudioVersion = 16.0.29920.165
MinimumVisualStudioVersion = 10.0.40219.1
Project("{9A19103F-16F7-4668-BE54-9A1E7A4F7556}") = "IPCount", "IPCount\IPCount.csproj", "{4F923543-E2A6-463D-B6FE-E0C38D2062A4}"
EndProject
Project("{FAE04EC0-301F-11D3-BF4B-00C04F79EFBC}") = "Entity", "Entity\Entity.csproj", "{239EDC59-5622-4535-8158-3744E9839836}"
EndProject
Project("{FAE04EC0-301F-11D3-BF4B-00C04F79EFBC}") = "ImageManagement", "ImageManagement\ImageManagement.csproj", "{10F6499F-00E1-4158-8062-EF8665834021}"
EndProject
Global
	GlobalSection(SolutionConfigurationPlatforms) = preSolution
		Debug|Any CPU = Debug|Any CPU
		Release|Any CPU = Release|Any CPU
	EndGlobalSection
	GlobalSection(ProjectConfigurationPlatforms) = postSolution
		{4F923543-E2A6-463D-B6FE-E0C38D2062A4}.Debug|Any CPU.ActiveCfg = Debug|Any CPU
		{4F923543-E2A6-463D-B6FE-E0C38D2062A4}.Debug|Any CPU.Build.0 = Debug|Any CPU
		{4F923543-E2A6-463D-B6FE-E0C38D2062A4}.Release|Any CPU.ActiveCfg = Release|Any CPU
		{4F923543-E2A6-463D-B6FE-E0C38D2062A4}.Release|Any CPU.Build.0 = Release|Any CPU
		{239EDC59-5622-4535-8158-3744E9839836}.Debug|Any CPU.ActiveCfg = Debug|Any CPU
		{239EDC59-5622-4535-8158-3744E9839836}.Debug|Any CPU.Build.0 = Debug|Any CPU
		{239EDC59-5622-4535-8158-3744E9839836}.Release|Any CPU.ActiveCfg = Release|Any CPU
		{239EDC59-5622-4535-8158-3744E9839836}.Release|Any CPU.Build.0 = Release|Any CPU
		{10F6499F-00E1-4158-8062-EF8665834021}.Debug|Any CPU.ActiveCfg = Debug|Any CPU
		{10F6499F-00E1-4158-8062-EF8665834021}.Debug|Any CPU.Build.0 = Debug|Any CPU
		{10F6499F-00E1-4158-8062-EF8665834021}.Release|Any CPU.ActiveCfg = Release|Any CPU
		{10F6499F-00E1-4158-8062-EF8665834021}.Release|Any CPU.Build.0 = Release|Any CPU
	EndGlobalSection
	GlobalSection(SolutionProperties) = preSolution
		HideSolutionNode = FALSE
	EndGlobalSection
	GlobalSection(ExtensibilityGlobals) = postSolution
		SolutionGuid = {244D0E73-C9ED-4FC5-B140-A0AAFF2E15F5}
	EndGlobalSection
EndGlobal
